
Microsoft Visual Studio Solution File, Format Version 12.00
# Visual Studio Version 17
VisualStudioVersion = 17.2.32427.441
MinimumVisualStudioVersion = 10.0.40219.1
Project("{9A19103F-16F7-4668-BE54-9A1E7A4F7556}") = "HotelListing.API", "HotelListing.API\HotelListing.API.csproj", "{41D6AE7B-84A1-4BF3-801C-5E6775A035F3}"
EndProject
Project("{9A19103F-16F7-4668-BE54-9A1E7A4F7556}") = "HotelListing.Common", "HotelListing_Common\HotelListing.Common.csproj", "{C3325969-F98E-4509-AC98-EB734141E390}"
EndProject
Project("{FAE04EC0-301F-11D3-BF4B-00C04F79EFBC}") = "HotelListing.Data", "HotelListing.Data\HotelListing.Data.csproj", "{ECC77CB8-B18A-40E0-8918-E84E5A508923}"
EndProject
Project("{FAE04EC0-301F-11D3-BF4B-00C04F79EFBC}") = "HotelListing.API.Core", "HotelListing.API.Core\HotelListing.API.Core.csproj", "{8A0478D2-D02F-4CEE-B903-1B0010E4D55D}"
EndProject
Global
	GlobalSection(SolutionConfigurationPlatforms) = preSolution
		Debug|Any CPU = Debug|Any CPU
		Release|Any CPU = Release|Any CPU
	EndGlobalSection
	GlobalSection(ProjectConfigurationPlatforms) = postSolution
		{41D6AE7B-84A1-4BF3-801C-5E6775A035F3}.Debug|Any CPU.ActiveCfg = Debug|Any CPU
		{41D6AE7B-84A1-4BF3-801C-5E6775A035F3}.Debug|Any CPU.Build.0 = Debug|Any CPU
		{41D6AE7B-84A1-4BF3-801C-5E6775A035F3}.Release|Any CPU.ActiveCfg = Release|Any CPU
		{41D6AE7B-84A1-4BF3-801C-5E6775A035F3}.Release|Any CPU.Build.0 = Release|Any CPU
		{C3325969-F98E-4509-AC98-EB734141E390}.Debug|Any CPU.ActiveCfg = Debug|Any CPU
		{C3325969-F98E-4509-AC98-EB734141E390}.Debug|Any CPU.Build.0 = Debug|Any CPU
		{C3325969-F98E-4509-AC98-EB734141E390}.Release|Any CPU.ActiveCfg = Release|Any CPU
		{C3325969-F98E-4509-AC98-EB734141E390}.Release|Any CPU.Build.0 = Release|Any CPU
		{ECC77CB8-B18A-40E0-8918-E84E5A508923}.Debug|Any CPU.ActiveCfg = Debug|Any CPU
		{ECC77CB8-B18A-40E0-8918-E84E5A508923}.Debug|Any CPU.Build.0 = Debug|Any CPU
		{ECC77CB8-B18A-40E0-8918-E84E5A508923}.Release|Any CPU.ActiveCfg = Release|Any CPU
		{ECC77CB8-B18A-40E0-8918-E84E5A508923}.Release|Any CPU.Build.0 = Release|Any CPU
		{8A0478D2-D02F-4CEE-B903-1B0010E4D55D}.Debug|Any CPU.ActiveCfg = Debug|Any CPU
		{8A0478D2-D02F-4CEE-B903-1B0010E4D55D}.Debug|Any CPU.Build.0 = Debug|Any CPU
		{8A0478D2-D02F-4CEE-B903-1B0010E4D55D}.Release|Any CPU.ActiveCfg = Release|Any CPU
		{8A0478D2-D02F-4CEE-B903-1B0010E4D55D}.Release|Any CPU.Build.0 = Release|Any CPU
	EndGlobalSection
	GlobalSection(SolutionProperties) = preSolution
		HideSolutionNode = FALSE
	EndGlobalSection
	GlobalSection(ExtensibilityGlobals) = postSolution
		SolutionGuid = {BD2BECAF-30B8-42F5-89D9-0C5F494FEE71}
	EndGlobalSection
EndGlobal
